github.com/WadeCappa/authmaster v0.0.0 h1:uEzyuAozbJUA/IRXDmnmxR/iYw++3a4/KUrZp/2hSsE=
github.com/WadeCappa/authmaster v0.0.0/go.mod h1:k/6kPrxm3l49iiBa20NxC4mvdgfBLVRK6lki8Nhz0yM=
github.com/WadeCappa/authmaster v0.0.1 h1:3T3UjRZsLnYmctzNGIdiT6wRz+CI2aE8TeVumfXJR4I=
github.com/WadeCappa/authmaster v0.0.1/go.mod h1:k/6kPrxm3l49iiBa20NxC4mvdgfBLVRK6lki8Nhz0yM=
github.com/WadeCappa/real_time_chat/channel-manager v0.0.0-20250616174114-37f77fb6fd82 h1:xMuvXT43R5k1EPZStBSLYzvczkkI7jTVVr60r3qGRe4=
github.com/WadeCappa/real_time_chat/channel-manager v0.0.0-20250616174114-37f77fb6fd82/go.mod h1:qTr0gupkui/NOju/ql6UUjXDyAomT/Buxuk6PtvNCDs=
golang.org/x/net v0.40.0 h1:79Xs7wF06Gbdcg4kdCCIQArK11Z1hr5POQ6+fIYHNuY=
golang.org/x/net v0.40.0/go.mod h1:y0hY0exeL2Pku80/zKK7tpntoX23cqL3Oa6njdgRtds=
golang.org/x/sys v0.33.0 h1:q3i8TbbEz+JRD9ywIRlyRAQbM0qF7hu24q3teo2hbuw=
golang.org/x/sys v0.33.0/go.mod h1:BJP2sWEmIv4KK5OTEluFJCKSidICx8ciO85XgH3Ak8k=
golang.org/x/term v0.32.0 h1:DR4lr0TjUs3epypdhTOkMmuF5CDFJ/8pOnbzMZPQ7bg=
golang.org/x/term v0.32.0/go.mod h1:uZG1FhGx848Sqfsq4/DlJr3xGGsYMu/L5GW4abiaEPQ=
golang.org/x/text v0.25.0 h1:qVyWApTSYLk/drJRO5mDlNYskwQznZmkpV2c8q9zls4=
golang.org/x/text v0.25.0/go.mod h1:WEdwpYrmk1qmdHvhkSTNPm3app7v4rsT8F2UD6+VHIA=
google.golang.org/genproto/googleapis/rpc v0.0.0-20250218202821-56aae31c358a h1:51aaUVRocpvUOSQKM6Q7VuoaktNIaMCLuhZB6DKksq4=
google.golang.org/genproto/googleapis/rpc v0.0.0-20250218202821-56aae31c358a/go.mod h1:uRxBH1mhmO8PGhU89cMcHaXKZqO+OfakD8QQO0oYwlQ=
google.golang.org/grpc v1.72.1 h1:HR03wO6eyZ7lknl75XlxABNVLLFc2PAb6mHlYh756mA=
google.golang.org/grpc v1.72.1/go.mod h1:wH5Aktxcg25y1I3w7H69nHfXdOG3UiadoBtjh3izSDM=
google.golang.org/protobuf v1.36.6 h1:z1NpPI8ku2WgiWnf+t9wTPsn6eP1L7ksHUlkfLvd9xY=
google.golang.org/protobuf v1.36.6/go.mod h1:jduwjTPXsFjZGTmRluh+L6NjiWu7pchiJ2/5YcXBHnY=
